# THIS IS AN AUTOGENERATED FILE. DO NOT EDIT THIS FILE DIRECTLY.
# yarn lockfile v1


axios-rate-limit@^1.2.1:
  version "1.3.0"
  resolved "https://registry.yarnpkg.com/axios-rate-limit/-/axios-rate-limit-1.3.0.tgz#03241d24c231c47432dab6e8234cfde819253c2e"
  integrity sha512-cKR5wTbU/CeeyF1xVl5hl6FlYsmzDVqxlN4rGtfO5x7J83UxKDckudsW0yW21/ZJRcO0Qrfm3fUFbhEbWTLayw==

axios@^0.20.0:
  version "0.20.0"
  resolved "https://registry.yarnpkg.com/axios/-/axios-0.20.0.tgz#057ba30f04884694993a8cd07fa394cff11c50bd"
  integrity sha512-ANA4rr2BDcmmAQLOKft2fufrtuvlqR+cXNNinUmvfeSNCOF98PZL+7M/v1zIdGo7OLjEA9J2gXJL+j4zGsl0bA==
  dependencies:
    follow-redirects "^1.10.0"

call-of-duty-api@^1.2.16:
  version "1.2.16"
  resolved "https://registry.yarnpkg.com/call-of-duty-api/-/call-of-duty-api-1.2.16.tgz#a8e4997954eb0e8a5ce7821e9a52f30af5b6d787"
  integrity sha512-7rAkKBrKLBx3RabCyhQ3ExaP/wCPw0eOzNw5/Di3QAN80HPGrIsqAYxc4A2px6BeW8q3sYrwW8mIjK0Lh4wlsg==
  dependencies:
    axios "^0.20.0"
    axios-rate-limit "^1.2.1"
    uniqid "^5.2.0"

follow-redirects@^1.10.0:
  version "1.13.0"
  resolved "https://registry.yarnpkg.com/follow-redirects/-/follow-redirects-1.13.0.tgz#b42e8d93a2a7eea5ed88633676d6597bc8e384db"
  integrity sha512-aq6gF1BEKje4a9i9+5jimNFIpq4Q1WiwBToeRK5NvZBd/TRsmW8BsJfOEGkr76TbOyPVD3OVDN910EcUNtRYEA==

uniqid@^5.2.0:
  version "5.2.0"
  resolved "https://registry.yarnpkg.com/uniqid/-/uniqid-5.2.0.tgz#0d0589a7e9ce07116848126764fbff0b68e74329"
  integrity sha512-LH8zsvwJ/GL6YtNfSOmMCrI9piraAUjBfw2MCvleNE6a4pVKJwXjG2+HWhkVeFcSg+nmaPKbMrMOoxwQluZ1Mg==
